
Microsoft Visual Studio Solution File, Format Version 12.00
# Visual Studio Version 17
VisualStudioVersion = 17.14.36310.24 d17.14
MinimumVisualStudioVersion = 10.0.40219.1
Project("{FAE04EC0-301F-11D3-BF4B-00C04F79EFBC}") = "EjerciciosApiBlazor", "EjerciciosApiBlazor\EjerciciosApiBlazor.csproj", "{3021F847-8402-49A6-824F-79862AC045D6}"
EndProject
Global
	GlobalSection(SolutionConfigurationPlatforms) = preSolution
		Debug|Any CPU = Debug|Any CPU
		Release|Any CPU = Release|Any CPU
	EndGlobalSection
	GlobalSection(ProjectConfigurationPlatforms) = postSolution
		{3021F847-8402-49A6-824F-79862AC045D6}.Debug|Any CPU.ActiveCfg = Debug|Any CPU
		{3021F847-8402-49A6-824F-79862AC045D6}.Debug|Any CPU.Build.0 = Debug|Any CPU
		{3021F847-8402-49A6-824F-79862AC045D6}.Release|Any CPU.ActiveCfg = Release|Any CPU
		{3021F847-8402-49A6-824F-79862AC045D6}.Release|Any CPU.Build.0 = Release|Any CPU
	EndGlobalSection
	GlobalSection(SolutionProperties) = preSolution
		HideSolutionNode = FALSE
	EndGlobalSection
	GlobalSection(ExtensibilityGlobals) = postSolution
		SolutionGuid = {DAC3BFD4-D216-4385-871B-2EE93E3C84BD}
	EndGlobalSection
EndGlobal
